
Microsoft Visual Studio Solution File, Format Version 12.00
# Visual Studio Version 17
VisualStudioVersion = 17.7.34018.315
MinimumVisualStudioVersion = 10.0.40219.1
Project("{9A19103F-16F7-4668-BE54-9A1E7A4F7556}") = "TrackingAmazonPrices.Domain", "TrackingAmazonPrices.Domain\TrackingAmazonPrices.Domain.csproj", "{8BFBC5D2-9690-4B8B-9C97-7C34648905B5}"
EndProject
Project("{9A19103F-16F7-4668-BE54-9A1E7A4F7556}") = "TrackingAmazonPrices.Infraestructure", "TrackingAmazonPrices.Infraestructure\TrackingAmazonPrices.Infraestructure.csproj", "{2D477F1E-63D4-4FC8-961F-FC34BCD965E9}"
EndProject
Project("{2150E333-8FDC-42A3-9474-1A3956D46DE8}") = "src", "src", "{77E7F64C-5055-41D2-808C-13A6F83C7A2A}"
EndProject
Project("{2150E333-8FDC-42A3-9474-1A3956D46DE8}") = "tests", "tests", "{C364B16A-1560-490C-ABE7-8F89C87D086F}"
EndProject
Project("{9A19103F-16F7-4668-BE54-9A1E7A4F7556}") = "TrackingAmazonPrices.Application", "TrackingAmazonPrices.Application\TrackingAmazonPrices.Application.csproj", "{C54FBE69-F851-4316-9E30-A69C9D102ED4}"
EndProject
Project("{9A19103F-16F7-4668-BE54-9A1E7A4F7556}") = "TrackingAmazonPrices.ConsoleApp", "TrackingAmazonPrices.ConsoleApp\TrackingAmazonPrices.ConsoleApp.csproj", "{FF606208-B6BF-4E0B-94B3-D3DC4DBCD329}"
EndProject
Project("{9A19103F-16F7-4668-BE54-9A1E7A4F7556}") = "TrackingAmazonPrices.Tests.Infraestructure.Unit", "TrackingAmazonPrices.Tests.Infraestructure.Unit\TrackingAmazonPrices.Tests.Infraestructure.Unit.csproj", "{FC475AC4-1216-4653-9E80-3DE5F354EAB9}"
EndProject
Project("{9A19103F-16F7-4668-BE54-9A1E7A4F7556}") = "TrackingAmazonPrices.Tests.ConsoleApp.Unit", "TrackingAmazonPrices.Tests.ConsoleApp.Unit\TrackingAmazonPrices.Tests.ConsoleApp.Unit.csproj", "{D09D25AC-4B53-4115-B993-8131E7801431}"
EndProject
Project("{9A19103F-16F7-4668-BE54-9A1E7A4F7556}") = "TrackingAmazonPrices.Tests.Domain.Unit", "TrackingAmazonPrices.Tests.Domain.Unit\TrackingAmazonPrices.Tests.Domain.Unit.csproj", "{E2EF6EFE-FD17-4FC2-AE50-00C8F5E4110C}"
EndProject
Project("{FAE04EC0-301F-11D3-BF4B-00C04F79EFBC}") = "TrackingAmazonPrices.Shared.Logging", "TrackingAmazonPrices.Shared.Logging\TrackingAmazonPrices.Shared.Logging.csproj", "{75DD67D3-EB68-4D67-B996-EAD011B8FE2C}"
EndProject
Project("{2150E333-8FDC-42A3-9474-1A3956D46DE8}") = "Elementos de la solución", "Elementos de la solución", "{DF5755D7-6268-4EE4-8D6C-0CC510622618}"
	ProjectSection(SolutionItems) = preProject
		docker-compose.yaml = docker-compose.yaml
		README.md = README.md
	EndProjectSection
EndProject
Project("{FAE04EC0-301F-11D3-BF4B-00C04F79EFBC}") = "TrackingAmazonPrices.Tests.Shared.Logging.Unit", "TrackingAmazonPrices.Tests.Shared.Logging.Unit\TrackingAmazonPrices.Tests.Shared.Logging.Unit.csproj", "{D8B42103-DA3C-4D51-AA41-AF8BFFDC2ED1}"
EndProject
Project("{2150E333-8FDC-42A3-9474-1A3956D46DE8}") = "Shared", "Shared", "{189C1662-0736-4491-AB86-3C8A5C231BED}"
EndProject
Project("{2150E333-8FDC-42A3-9474-1A3956D46DE8}") = "Presentation", "Presentation", "{88C47F36-DEF5-405A-A3B1-D1B987F72C37}"
EndProject
Global
	GlobalSection(SolutionConfigurationPlatforms) = preSolution
		Debug|Any CPU = Debug|Any CPU
		Release|Any CPU = Release|Any CPU
	EndGlobalSection
	GlobalSection(ProjectConfigurationPlatforms) = postSolution
		{8BFBC5D2-9690-4B8B-9C97-7C34648905B5}.Debug|Any CPU.ActiveCfg = Debug|Any CPU
		{8BFBC5D2-9690-4B8B-9C97-7C34648905B5}.Debug|Any CPU.Build.0 = Debug|Any CPU
		{8BFBC5D2-9690-4B8B-9C97-7C34648905B5}.Release|Any CPU.ActiveCfg = Release|Any CPU
		{8BFBC5D2-9690-4B8B-9C97-7C34648905B5}.Release|Any CPU.Build.0 = Release|Any CPU
		{2D477F1E-63D4-4FC8-961F-FC34BCD965E9}.Debug|Any CPU.ActiveCfg = Debug|Any CPU
		{2D477F1E-63D4-4FC8-961F-FC34BCD965E9}.Debug|Any CPU.Build.0 = Debug|Any CPU
		{2D477F1E-63D4-4FC8-961F-FC34BCD965E9}.Release|Any CPU.ActiveCfg = Release|Any CPU
		{2D477F1E-63D4-4FC8-961F-FC34BCD965E9}.Release|Any CPU.Build.0 = Release|Any CPU
		{C54FBE69-F851-4316-9E30-A69C9D102ED4}.Debug|Any CPU.ActiveCfg = Debug|Any CPU
		{C54FBE69-F851-4316-9E30-A69C9D102ED4}.Debug|Any CPU.Build.0 = Debug|Any CPU
		{C54FBE69-F851-4316-9E30-A69C9D102ED4}.Release|Any CPU.ActiveCfg = Release|Any CPU
		{C54FBE69-F851-4316-9E30-A69C9D102ED4}.Release|Any CPU.Build.0 = Release|Any CPU
		{FF606208-B6BF-4E0B-94B3-D3DC4DBCD329}.Debug|Any CPU.ActiveCfg = Debug|Any CPU
		{FF606208-B6BF-4E0B-94B3-D3DC4DBCD329}.Debug|Any CPU.Build.0 = Debug|Any CPU
		{FF606208-B6BF-4E0B-94B3-D3DC4DBCD329}.Release|Any CPU.ActiveCfg = Release|Any CPU
		{FF606208-B6BF-4E0B-94B3-D3DC4DBCD329}.Release|Any CPU.Build.0 = Release|Any CPU
		{FC475AC4-1216-4653-9E80-3DE5F354EAB9}.Debug|Any CPU.ActiveCfg = Debug|Any CPU
		{FC475AC4-1216-4653-9E80-3DE5F354EAB9}.Debug|Any CPU.Build.0 = Debug|Any CPU
		{FC475AC4-1216-4653-9E80-3DE5F354EAB9}.Release|Any CPU.ActiveCfg = Release|Any CPU
		{FC475AC4-1216-4653-9E80-3DE5F354EAB9}.Release|Any CPU.Build.0 = Release|Any CPU
		{D09D25AC-4B53-4115-B993-8131E7801431}.Debug|Any CPU.ActiveCfg = Debug|Any CPU
		{D09D25AC-4B53-4115-B993-8131E7801431}.Debug|Any CPU.Build.0 = Debug|Any CPU
		{D09D25AC-4B53-4115-B993-8131E7801431}.Release|Any CPU.ActiveCfg = Release|Any CPU
		{D09D25AC-4B53-4115-B993-8131E7801431}.Release|Any CPU.Build.0 = Release|Any CPU
		{E2EF6EFE-FD17-4FC2-AE50-00C8F5E4110C}.Debug|Any CPU.ActiveCfg = Debug|Any CPU
		{E2EF6EFE-FD17-4FC2-AE50-00C8F5E4110C}.Debug|Any CPU.Build.0 = Debug|Any CPU
		{E2EF6EFE-FD17-4FC2-AE50-00C8F5E4110C}.Release|Any CPU.ActiveCfg = Release|Any CPU
		{E2EF6EFE-FD17-4FC2-AE50-00C8F5E4110C}.Release|Any CPU.Build.0 = Release|Any CPU
		{75DD67D3-EB68-4D67-B996-EAD011B8FE2C}.Debug|Any CPU.ActiveCfg = Debug|Any CPU
		{75DD67D3-EB68-4D67-B996-EAD011B8FE2C}.Debug|Any CPU.Build.0 = Debug|Any CPU
		{75DD67D3-EB68-4D67-B996-EAD011B8FE2C}.Release|Any CPU.ActiveCfg = Release|Any CPU
		{75DD67D3-EB68-4D67-B996-EAD011B8FE2C}.Release|Any CPU.Build.0 = Release|Any CPU
		{D8B42103-DA3C-4D51-AA41-AF8BFFDC2ED1}.Debug|Any CPU.ActiveCfg = Debug|Any CPU
		{D8B42103-DA3C-4D51-AA41-AF8BFFDC2ED1}.Debug|Any CPU.Build.0 = Debug|Any CPU
		{D8B42103-DA3C-4D51-AA41-AF8BFFDC2ED1}.Release|Any CPU.ActiveCfg = Release|Any CPU
		{D8B42103-DA3C-4D51-AA41-AF8BFFDC2ED1}.Release|Any CPU.Build.0 = Release|Any CPU
	EndGlobalSection
	GlobalSection(SolutionProperties) = preSolution
		HideSolutionNode = FALSE
	EndGlobalSection
	GlobalSection(NestedProjects) = preSolution
		{8BFBC5D2-9690-4B8B-9C97-7C34648905B5} = {77E7F64C-5055-41D2-808C-13A6F83C7A2A}
		{2D477F1E-63D4-4FC8-961F-FC34BCD965E9} = {77E7F64C-5055-41D2-808C-13A6F83C7A2A}
		{C54FBE69-F851-4316-9E30-A69C9D102ED4} = {77E7F64C-5055-41D2-808C-13A6F83C7A2A}
		{FF606208-B6BF-4E0B-94B3-D3DC4DBCD329} = {88C47F36-DEF5-405A-A3B1-D1B987F72C37}
		{FC475AC4-1216-4653-9E80-3DE5F354EAB9} = {C364B16A-1560-490C-ABE7-8F89C87D086F}
		{D09D25AC-4B53-4115-B993-8131E7801431} = {C364B16A-1560-490C-ABE7-8F89C87D086F}
		{E2EF6EFE-FD17-4FC2-AE50-00C8F5E4110C} = {C364B16A-1560-490C-ABE7-8F89C87D086F}
		{75DD67D3-EB68-4D67-B996-EAD011B8FE2C} = {189C1662-0736-4491-AB86-3C8A5C231BED}
		{D8B42103-DA3C-4D51-AA41-AF8BFFDC2ED1} = {C364B16A-1560-490C-ABE7-8F89C87D086F}
		{189C1662-0736-4491-AB86-3C8A5C231BED} = {77E7F64C-5055-41D2-808C-13A6F83C7A2A}
		{88C47F36-DEF5-405A-A3B1-D1B987F72C37} = {77E7F64C-5055-41D2-808C-13A6F83C7A2A}
	EndGlobalSection
	GlobalSection(ExtensibilityGlobals) = postSolution
		SolutionGuid = {56E646B0-DF3D-490F-B485-C669939D9F96}
	EndGlobalSection
EndGlobal
